// !$*UTF8*$!
{
	archiveVersion = 1;
	classes = {
	};
	objectVersion = 46;
	objects = {

/* Begin PBXBuildFile section */
		1FED280E1E33C8C600C435D4 /* AppDelegate.swift in Sources */ = {isa = PBXBuildFile; fileRef = 1FED280D1E33C8C600C435D4 /* AppDelegate.swift */; };
		1FED28101E33C8C600C435D4 /* ViewController.swift in Sources */ = {isa = PBXBuildFile; fileRef = 1FED280F1E33C8C600C435D4 /* ViewController.swift */; };
		1FED28131E33C8C600C435D4 /* Main.storyboard in Resources */ = {isa = PBXBuildFile; fileRef = 1FED28111E33C8C600C435D4 /* Main.storyboard */; };
		1FED28161E33C8C600C435D4 /* helloworld.xcdatamodeld in Sources */ = {isa = PBXBuildFile; fileRef = 1FED28141E33C8C600C435D4 /* helloworld.xcdatamodeld */; };
		1FED28181E33C8C600C435D4 /* Assets.xcassets in Resources */ = {isa = PBXBuildFile; fileRef = 1FED28171E33C8C600C435D4 /* Assets.xcassets */; };
		1FED281B1E33C8C600C435D4 /* LaunchScreen.storyboard in Resources */ = {isa = PBXBuildFile; fileRef = 1FED28191E33C8C600C435D4 /* LaunchScreen.storyboard */; };
		1FED28261E33C8C600C435D4 /* helloworldTests.swift in Sources */ = {isa = PBXBuildFile; fileRef = 1FED28251E33C8C600C435D4 /* helloworldTests.swift */; };
		1FED28311E33C8C600C435D4 /* helloworldUITests.swift in Sources */ = {isa = PBXBuildFile; fileRef = 1FED28301E33C8C600C435D4 /* helloworldUITests.swift */; };
/* End PBXBuildFile section */

/* Begin PBXContainerItemProxy section */
		1FED28221E33C8C600C435D4 /* PBXContainerItemProxy */ = {
			isa = PBXContainerItemProxy;
			containerPortal = 1FED28021E33C8C600C435D4 /* Project object */;
			proxyType = 1;
			remoteGlobalIDString = 1FED28091E33C8C600C435D4;
			remoteInfo = helloworld;
		};
		1FED282D1E33C8C600C435D4 /* PBXContainerItemProxy */ = {
			isa = PBXContainerItemProxy;
			containerPortal = 1FED28021E33C8C600C435D4 /* Project object */;
			proxyType = 1;
			remoteGlobalIDString = 1FED28091E33C8C600C435D4;
			remoteInfo = helloworld;
		};
/* End PBXContainerItemProxy section */

/* Begin PBXFileReference section */
		1FED280A1E33C8C600C435D4 /* helloworld.app */ = {isa = PBXFileReference; explicitFileType = wrapper.application; includeInIndex = 0; path = helloworld.app; sourceTree = BUILT_PRODUCTS_DIR; };
		1FED280D1E33C8C600C435D4 /* AppDelegate.swift */ = {isa = PBXFileReference; lastKnownFileType = sourcecode.swift; path = AppDelegate.swift; sourceTree = "<group>"; };
		1FED280F1E33C8C600C435D4 /* ViewController.swift */ = {isa = PBXFileReference; lastKnownFileType = sourcecode.swift; path = ViewController.swift; sourceTree = "<group>"; };
		1FED28121E33C8C600C435D4 /* Base */ = {isa = PBXFileReference; lastKnownFileType = file.storyboard; name = Base; path = Base.lproj/Main.storyboard; sourceTree = "<group>"; };
		1FED28151E33C8C600C435D4 /* helloworld.xcdatamodel */ = {isa = PBXFileReference; lastKnownFileType = wrapper.xcdatamodel; path = helloworld.xcdatamodel; sourceTree = "<group>"; };
		1FED28171E33C8C600C435D4 /* Assets.xcassets */ = {isa = PBXFileReference; lastKnownFileType = folder.assetcatalog; path = Assets.xcassets; sourceTree = "<group>"; };
		1FED281A1E33C8C600C435D4 /* Base */ = {isa = PBXFileReference; lastKnownFileType = file.storyboard; name = Base; path = Base.lproj/LaunchScreen.storyboard; sourceTree = "<group>"; };
		1FED281C1E33C8C600C435D4 /* Info.plist */ = {isa = PBXFileReference; lastKnownFileType = text.plist.xml; path = Info.plist; sourceTree = "<group>"; };
		1FED28211E33C8C600C435D4 /* helloworldTests.xctest */ = {isa = PBXFileReference; explicitFileType = wrapper.cfbundle; includeInIndex = 0; path = helloworldTests.xctest; sourceTree = BUILT_PRODUCTS_DIR; };
		1FED28251E33C8C600C435D4 /* helloworldTests.swift */ = {isa = PBXFileReference; lastKnownFileType = sourcecode.swift; path = helloworldTests.swift; sourceTree = "<group>"; };
		1FED28271E33C8C600C435D4 /* Info.plist */ = {isa = PBXFileReference; lastKnownFileType = text.plist.xml; path = Info.plist; sourceTree = "<group>"; };
		1FED282C1E33C8C600C435D4 /* helloworldUITests.xctest */ = {isa = PBXFileReference; explicitFileType = wrapper.cfbundle; includeInIndex = 0; path = helloworldUITests.xctest; sourceTree = BUILT_PRODUCTS_DIR; };
		1FED28301E33C8C600C435D4 /* helloworldUITests.swift */ = {isa = PBXFileReference; lastKnownFileType = sourcecode.swift; path = helloworldUITests.swift; sourceTree = "<group>"; };
		1FED28321E33C8C600C435D4 /* Info.plist */ = {isa = PBXFileReference; lastKnownFileType = text.plist.xml; path = Info.plist; sourceTree = "<group>"; };
/* End PBXFileReference section */

/* Begin PBXFrameworksBuildPhase section */
		1FED28071E33C8C600C435D4 /* Frameworks */ = {
			isa = PBXFrameworksBuildPhase;
			buildActionMask = 2147483647;
			files = (
			);
			runOnlyForDeploymentPostprocessing = 0;
		};
		1FED281E1E33C8C600C435D4 /* Frameworks */ = {
			isa = PBXFrameworksBuildPhase;
			buildActionMask = 2147483647;
			files = (
			);
			runOnlyForDeploymentPostprocessing = 0;
		};
		1FED28291E33C8C600C435D4 /* Frameworks */ = {
			isa = PBXFrameworksBuildPhase;
			buildActionMask = 2147483647;
			files = (
			);
			runOnlyForDeploymentPostprocessing = 0;
		};
/* End PBXFrameworksBuildPhase section */

/* Begin PBXGroup section */
		1FED28011E33C8C600C435D4 = {
			isa = PBXGroup;
			children = (
				1FED280C1E33C8C600C435D4 /* helloworld */,
				1FED28241E33C8C600C435D4 /* helloworldTests */,
				1FED282F1E33C8C600C435D4 /* helloworldUITests */,
				1FED280B1E33C8C600C435D4 /* Products */,
			);
			sourceTree = "<group>";
		};
		1FED280B1E33C8C600C435D4 /* Products */ = {
			isa = PBXGroup;
			children = (
				1FED280A1E33C8C600C435D4 /* helloworld.app */,
				1FED28211E33C8C600C435D4 /* helloworldTests.xctest */,
				1FED282C1E33C8C600C435D4 /* helloworldUITests.xctest */,
			);
			name = Products;
			sourceTree = "<group>";
		};
		1FED280C1E33C8C600C435D4 /* helloworld */ = {
			isa = PBXGroup;
			children = (
				1FED280D1E33C8C600C435D4 /* AppDelegate.swift */,
				1FED280F1E33C8C600C435D4 /* ViewController.swift */,
				1FED28111E33C8C600C435D4 /* Main.storyboard */,
				1FED28171E33C8C600C435D4 /* Assets.xcassets */,
				1FED28191E33C8C600C435D4 /* LaunchScreen.storyboard */,
				1FED281C1E33C8C600C435D4 /* Info.plist */,
				1FED28141E33C8C600C435D4 /* helloworld.xcdatamodeld */,
			);
			path = helloworld;
			sourceTree = "<group>";
		};
		1FED28241E33C8C600C435D4 /* helloworldTests */ = {
			isa = PBXGroup;
			children = (
				1FED28251E33C8C600C435D4 /* helloworldTests.swift */,
				1FED28271E33C8C600C435D4 /* Info.plist */,
			);
			path = helloworldTests;
			sourceTree = "<group>";
		};
		1FED282F1E33C8C600C435D4 /* helloworldUITests */ = {
			isa = PBXGroup;
			children = (
				1FED28301E33C8C600C435D4 /* helloworldUITests.swift */,
				1FED28321E33C8C600C435D4 /* Info.plist */,
			);
			path = helloworldUITests;
			sourceTree = "<group>";
		};
/* End PBXGroup section */

/* Begin PBXNativeTarget section */
		1FED28091E33C8C600C435D4 /* helloworld */ = {
			isa = PBXNativeTarget;
			buildConfigurationList = 1FED28351E33C8C600C435D4 /* Build configuration list for PBXNativeTarget "helloworld" */;
			buildPhases = (
				1FED28061E33C8C600C435D4 /* Sources */,
				1FED28071E33C8C600C435D4 /* Frameworks */,
				1FED28081E33C8C600C435D4 /* Resources */,
			);
			buildRules = (
			);
			dependencies = (
			);
			name = helloworld;
			productName = helloworld;
			productReference = 1FED280A1E33C8C600C435D4 /* helloworld.app */;
			productType = "com.apple.product-type.application";
		};
		1FED28201E33C8C600C435D4 /* helloworldTests */ = {
			isa = PBXNativeTarget;
			buildConfigurationList = 1FED28381E33C8C600C435D4 /* Build configuration list for PBXNativeTarget "helloworldTests" */;
			buildPhases = (
				1FED281D1E33C8C600C435D4 /* Sources */,
				1FED281E1E33C8C600C435D4 /* Frameworks */,
				1FED281F1E33C8C600C435D4 /* Resources */,
			);
			buildRules = (
			);
			dependencies = (
				1FED28231E33C8C600C435D4 /* PBXTargetDependency */,
			);
			name = helloworldTests;
			productName = helloworldTests;
			productReference = 1FED28211E33C8C600C435D4 /* helloworldTests.xctest */;
			productType = "com.apple.product-type.bundle.unit-test";
		};
		1FED282B1E33C8C600C435D4 /* helloworldUITests */ = {
			isa = PBXNativeTarget;
			buildConfigurationList = 1FED283B1E33C8C600C435D4 /* Build configuration list for PBXNativeTarget "helloworldUITests" */;
			buildPhases = (
				1FED28281E33C8C600C435D4 /* Sources */,
				1FED28291E33C8C600C435D4 /* Frameworks */,
				1FED282A1E33C8C600C435D4 /* Resources */,
			);
			buildRules = (
			);
			dependencies = (
				1FED282E1E33C8C600C435D4 /* PBXTargetDependency */,
			);
			name = helloworldUITests;
			productName = helloworldUITests;
			productReference = 1FED282C1E33C8C600C435D4 /* helloworldUITests.xctest */;
			productType = "com.apple.product-type.bundle.ui-testing";
		};
/* End PBXNativeTarget section */

/* Begin PBXProject section */
		1FED28021E33C8C600C435D4 /* Project object */ = {
			isa = PBXProject;
			attributes = {
				LastSwiftUpdateCheck = 0820;
				LastUpgradeCheck = 0820;
				ORGANIZATIONNAME = Country.Girls;
				TargetAttributes = {
					1FED28091E33C8C600C435D4 = {
						CreatedOnToolsVersion = 8.2.1;
						ProvisioningStyle = Automatic;
					};
					1FED28201E33C8C600C435D4 = {
						CreatedOnToolsVersion = 8.2.1;
						ProvisioningStyle = Automatic;
						TestTargetID = 1FED28091E33C8C600C435D4;
					};
					1FED282B1E33C8C600C435D4 = {
						CreatedOnToolsVersion = 8.2.1;
						ProvisioningStyle = Automatic;
						TestTargetID = 1FED28091E33C8C600C435D4;
					};
				};
			};
			buildConfigurationList = 1FED28051E33C8C600C435D4 /* Build configuration list for PBXProject "helloworld" */;
			compatibilityVersion = "Xcode 3.2";
			developmentRegion = English;
			hasScannedForEncodings = 0;
			knownRegions = (
				en,
				Base,
			);
			mainGroup = 1FED28011E33C8C600C435D4;
			productRefGroup = 1FED280B1E33C8C600C435D4 /* Products */;
			projectDirPath = "";
			projectRoot = "";
			targets = (
				1FED28091E33C8C600C435D4 /* helloworld */,
				1FED28201E33C8C600C435D4 /* helloworldTests */,
				1FED282B1E33C8C600C435D4 /* helloworldUITests */,
			);
		};
/* End PBXProject section */

/* Begin PBXResourcesBuildPhase section */
		1FED28081E33C8C600C435D4 /* Resources */ = {
			isa = PBXResourcesBuildPhase;
			buildActionMask = 2147483647;
			files = (
				1FED281B1E33C8C600C435D4 /* LaunchScreen.storyboard in Resources */,
				1FED28181E33C8C600C435D4 /* Assets.xcassets in Resources */,
				1FED28131E33C8C600C435D4 /* Main.storyboard in Resources */,
			);
			runOnlyForDeploymentPostprocessing = 0;
		};
		1FED281F1E33C8C600C435D4 /* Resources */ = {
			isa = PBXResourcesBuildPhase;
			buildActionMask = 2147483647;
			files = (
			);
			runOnlyForDeploymentPostprocessing = 0;
		};
		1FED282A1E33C8C600C435D4 /* Resources */ = {
			isa = PBXResourcesBuildPhase;
			buildActionMask = 2147483647;
			files = (
			);
			runOnlyForDeploymentPostprocessing = 0;
		};
/* End PBXResourcesBuildPhase section */

/* Begin PBXSourcesBuildPhase section */
		1FED28061E33C8C600C435D4 /* Sources */ = {
			isa = PBXSourcesBuildPhase;
			buildActionMask = 2147483647;
			files = (
				1FED28101E33C8C600C435D4 /* ViewController.swift in Sources */,
				1FED280E1E33C8C600C435D4 /* AppDelegate.swift in Sources */,
				1FED28161E33C8C600C435D4 /* helloworld.xcdatamodeld in Sources */,
			);
			runOnlyForDeploymentPostprocessing = 0;
		};
		1FED281D1E33C8C600C435D4 /* Sources */ = {
			isa = PBXSourcesBuildPhase;
			buildActionMask = 2147483647;
			files = (
				1FED28261E33C8C600C435D4 /* helloworldTests.swift in Sources */,
			);
			runOnlyForDeploymentPostprocessing = 0;
		};
		1FED28281E33C8C600C435D4 /* Sources */ = {
			isa = PBXSourcesBuildPhase;
			buildActionMask = 2147483647;
			files = (
				1FED28311E33C8C600C435D4 /* helloworldUITests.swift in Sources */,
			);
			runOnlyForDeploymentPostprocessing = 0;
		};
/* End PBXSourcesBuildPhase section */

/* Begin PBXTargetDependency section */
		1FED28231E33C8C600C435D4 /* PBXTargetDependency */ = {
			isa = PBXTargetDependency;
			target = 1FED28091E33C8C600C435D4 /* helloworld */;
			targetProxy = 1FED28221E33C8C600C435D4 /* PBXContainerItemProxy */;
		};
		1FED282E1E33C8C600C435D4 /* PBXTargetDependency */ = {
			isa = PBXTargetDependency;
			target = 1FED28091E33C8C600C435D4 /* helloworld */;
			targetProxy = 1FED282D1E33C8C600C435D4 /* PBXContainerItemProxy */;
		};
/* End PBXTargetDependency section */

/* Begin PBXVariantGroup section */
		1FED28111E33C8C600C435D4 /* Main.storyboard */ = {
			isa = PBXVariantGroup;
			children = (
				1FED28121E33C8C600C435D4 /* Base */,
			);
			name = Main.storyboard;
			sourceTree = "<group>";
		};
		1FED28191E33C8C600C435D4 /* LaunchScreen.storyboard */ = {
			isa = PBXVariantGroup;
			children = (
				1FED281A1E33C8C600C435D4 /* Base */,
			);
			name = LaunchScreen.storyboard;
			sourceTree = "<group>";
		};
/* End PBXVariantGroup section */

/* Begin XCBuildConfiguration section */
		1FED28331E33C8C600C435D4 /* Debug */ = {
			isa = XCBuildConfiguration;
			buildSettings = {
				ALWAYS_SEARCH_USER_PATHS = NO;
				CLANG_ANALYZER_NONNULL = YES;
				CLANG_CXX_LANGUAGE_STANDARD = "gnu++0x";
				CLANG_CXX_LIBRARY = "libc++";
				CLANG_ENABLE_MODULES = YES;
				CLANG_ENABLE_OBJC_ARC = YES;
				CLANG_WARN_BOOL_CONVERSION = YES;
				CLANG_WARN_CONSTANT_CONVERSION = YES;
				CLANG_WARN_DIRECT_OBJC_ISA_USAGE = YES_ERROR;
				CLANG_WARN_DOCUMENTATION_COMMENTS = YES;
				CLANG_WARN_EMPTY_BODY = YES;
				CLANG_WARN_ENUM_CONVERSION = YES;
				CLANG_WARN_INFINITE_RECURSION = YES;
				CLANG_WARN_INT_CONVERSION = YES;
				CLANG_WARN_OBJC_ROOT_CLASS = YES_ERROR;
				CLANG_WARN_SUSPICIOUS_MOVE = YES;
				CLANG_WARN_UNREACHABLE_CODE = YES;
				CLANG_WARN__DUPLICATE_METHOD_MATCH = YES;
				"CODE_SIGN_IDENTITY[sdk=iphoneos*]" = "iPhone Developer";
				COPY_PHASE_STRIP = NO;
				DEBUG_INFORMATION_FORMAT = dwarf;
				ENABLE_STRICT_OBJC_MSGSEND = YES;
				ENABLE_TESTABILITY = YES;
				GCC_C_LANGUAGE_STANDARD = gnu99;
				GCC_DYNAMIC_NO_PIC = NO;
				GCC_NO_COMMON_BLOCKS = YES;
				GCC_OPTIMIZATION_LEVEL = 0;
				GCC_PREPROCESSOR_DEFINITIONS = (
					"DEBUG=1",
					"$(inherited)",
				);
				GCC_WARN_64_TO_32_BIT_CONVERSION = YES;
				GCC_WARN_ABOUT_RETURN_TYPE = YES_ERROR;
				GCC_WARN_UNDECLARED_SELECTOR = YES;
				GCC_WARN_UNINITIALIZED_AUTOS = YES_AGGRESSIVE;
				GCC_WARN_UNUSED_FUNCTION = YES;
				GCC_WARN_UNUSED_VARIABLE = YES;
				IPHONEOS_DEPLOYMENT_TARGET = 10.2;
				MTL_ENABLE_DEBUG_INFO = YES;
				ONLY_ACTIVE_ARCH = YES;
				SDKROOT = iphoneos;
				SWIFT_ACTIVE_COMPILATION_CONDITIONS = DEBUG;
				SWIFT_OPTIMIZATION_LEVEL = "-Onone";
				TARGETED_DEVICE_FAMILY = "1,2";
			};
			name = Debug;
		};
		1FED28341E33C8C600C435D4 /* Release */ = {
			isa = XCBuildConfiguration;
			buildSettings = {
				ALWAYS_SEARCH_USER_PATHS = NO;
				CLANG_ANALYZER_NONNULL = YES;
				CLANG_CXX_LANGUAGE_STANDARD = "gnu++0x";
				CLANG_CXX_LIBRARY = "libc++";
				CLANG_ENABLE_MODULES = YES;
				CLANG_ENABLE_OBJC_ARC = YES;
				CLANG_WARN_BOOL_CONVERSION = YES;
				CLANG_WARN_CONSTANT_CONVERSION = YES;
				CLANG_WARN_DIRECT_OBJC_ISA_USAGE = YES_ERROR;
				CLANG_WARN_DOCUMENTATION_COMMENTS = YES;
				CLANG_WARN_EMPTY_BODY = YES;
				CLANG_WARN_ENUM_CONVERSION = YES;
				CLANG_WARN_INFINITE_RECURSION = YES;
				CLANG_WARN_INT_CONVERSION = YES;
				CLANG_WARN_OBJC_ROOT_CLASS = YES_ERROR;
				CLANG_WARN_SUSPICIOUS_MOVE = YES;
				CLANG_WARN_UNREACHABLE_CODE = YES;
				CLANG_WARN__DUPLICATE_METHOD_MATCH = YES;
				"CODE_SIGN_IDENTITY[sdk=iphoneos*]" = "iPhone Developer";
				COPY_PHASE_STRIP = NO;
				DEBUG_INFORMATION_FORMAT = "dwarf-with-dsym";
				ENABLE_NS_ASSERTIONS = NO;
				ENABLE_STRICT_OBJC_MSGSEND = YES;
				GCC_C_LANGUAGE_STANDARD = gnu99;
				GCC_NO_COMMON_BLOCKS = YES;
				GCC_WARN_64_TO_32_BIT_CONVERSION = YES;
				GCC_WARN_ABOUT_RETURN_TYPE = YES_ERROR;
				GCC_WARN_UNDECLARED_SELECTOR = YES;
				GCC_WARN_UNINITIALIZED_AUTOS = YES_AGGRESSIVE;
				GCC_WARN_UNUSED_FUNCTION = YES;
				GCC_WARN_UNUSED_VARIABLE = YES;
				IPHONEOS_DEPLOYMENT_TARGET = 10.2;
				MTL_ENABLE_DEBUG_INFO = NO;
				SDKROOT = iphoneos;
				SWIFT_OPTIMIZATION_LEVEL = "-Owholemodule";
				TARGETED_DEVICE_FAMILY = "1,2";
				VALIDATE_PRODUCT = YES;
			};
			name = Release;
		};
		1FED28361E33C8C600C435D4 /* Debug */ = {
			isa = XCBuildConfiguration;
			buildSettings = {
				ASSETCATALOG_COMPILER_APPICON_NAME = AppIcon;
				INFOPLIST_FILE = helloworld/Info.plist;
				LD_RUNPATH_SEARCH_PATHS = "$(inherited) @executable_path/Frameworks";
				PRODUCT_BUNDLE_IDENTIFIER = countrygirls.helloworld;
				PRODUCT_NAME = "$(TARGET_NAME)";
				SWIFT_VERSION = 3.0;
			};
			name = Debug;
		};
		1FED28371E33C8C600C435D4 /* Release */ = {
			isa = XCBuildConfiguration;
			buildSettings = {
				ASSETCATALOG_COMPILER_APPICON_NAME = AppIcon;
				INFOPLIST_FILE = helloworld/Info.plist;
				LD_RUNPATH_SEARCH_PATHS = "$(inherited) @executable_path/Frameworks";
				PRODUCT_BUNDLE_IDENTIFIER = countrygirls.helloworld;
				PRODUCT_NAME = "$(TARGET_NAME)";
				SWIFT_VERSION = 3.0;
			};
			name = Release;
		};
		1FED28391E33C8C600C435D4 /* Debug */ = {
			isa = XCBuildConfiguration;
			buildSettings = {
				ALWAYS_EMBED_SWIFT_STANDARD_LIBRARIES = YES;
				BUNDLE_LOADER = "$(TEST_HOST)";
				INFOPLIST_FILE = helloworldTests/Info.plist;
				LD_RUNPATH_SEARCH_PATHS = "$(inherited) @executable_path/Frameworks @loader_path/Frameworks";
				PRODUCT_BUNDLE_IDENTIFIER = countrygirls.helloworldTests;
				PRODUCT_NAME = "$(TARGET_NAME)";
				SWIFT_VERSION = 3.0;
				TEST_HOST = "$(BUILT_PRODUCTS_DIR)/helloworld.app/helloworld";
			};
			name = Debug;
		};
		1FED283A1E33C8C600C435D4 /* Release */ = {
			isa = XCBuildConfiguration;
			buildSettings = {
				ALWAYS_EMBED_SWIFT_STANDARD_LIBRARIES = YES;
				BUNDLE_LOADER = "$(TEST_HOST)";
				INFOPLIST_FILE = helloworldTests/Info.plist;
				LD_RUNPATH_SEARCH_PATHS = "$(inherited) @executable_path/Frameworks @loader_path/Frameworks";
				PRODUCT_BUNDLE_IDENTIFIER = countrygirls.helloworldTests;
				PRODUCT_NAME = "$(TARGET_NAME)";
				SWIFT_VERSION = 3.0;
				TEST_HOST = "$(BUILT_PRODUCTS_DIR)/helloworld.app/helloworld";
			};
			name = Release;
		};
		1FED283C1E33C8C600C435D4 /* Debug */ = {
			isa = XCBuildConfiguration;
			buildSettings = {
				ALWAYS_EMBED_SWIFT_STANDARD_LIBRARIES = YES;
				INFOPLIST_FILE = helloworldUITests/Info.plist;
				LD_RUNPATH_SEARCH_PATHS = "$(inherited) @executable_path/Frameworks @loader_path/Frameworks";
				PRODUCT_BUNDLE_IDENTIFIER = countrygirls.helloworldUITests;
				PRODUCT_NAME = "$(TARGET_NAME)";
				SWIFT_VERSION = 3.0;
				TEST_TARGET_NAME = helloworld;
			};
			name = Debug;
		};
		1FED283D1E33C8C600C435D4 /* Release */ = {
			isa = XCBuildConfiguration;
			buildSettings = {
				ALWAYS_EMBED_SWIFT_STANDARD_LIBRARIES = YES;
				INFOPLIST_FILE = helloworldUITests/Info.plist;
				LD_RUNPATH_SEARCH_PATHS = "$(inherited) @executable_path/Frameworks @loader_path/Frameworks";
				PRODUCT_BUNDLE_IDENTIFIER = countrygirls.helloworldUITests;
				PRODUCT_NAME = "$(TARGET_NAME)";
				SWIFT_VERSION = 3.0;
				TEST_TARGET_NAME = helloworld;
			};
			name = Release;
		};
/* End XCBuildConfiguration section */

/* Begin XCConfigurationList section */
		1FED28051E33C8C600C435D4 /* Build configuration list for PBXProject "helloworld" */ = {
			isa = XCConfigurationList;
			buildConfigurations = (
				1FED28331E33C8C600C435D4 /* Debug */,
				1FED28341E33C8C600C435D4 /* Release */,
			);
			defaultConfigurationIsVisible = 0;
			defaultConfigurationName = Release;
		};
		1FED28351E33C8C600C435D4 /* Build configuration list for PBXNativeTarget "helloworld" */ = {
			isa = XCConfigurationList;
			buildConfigurations = (
				1FED28361E33C8C600C435D4 /* Debug */,
				1FED28371E33C8C600C435D4 /* Release */,
			);
			defaultConfigurationIsVisible = 0;
		};
		1FED28381E33C8C600C435D4 /* Build configuration list for PBXNativeTarget "helloworldTests" */ = {
			isa = XCConfigurationList;
			buildConfigurations = (
				1FED28391E33C8C600C435D4 /* Debug */,
				1FED283A1E33C8C600C435D4 /* Release */,
			);
			defaultConfigurationIsVisible = 0;
		};
		1FED283B1E33C8C600C435D4 /* Build configuration list for PBXNativeTarget "helloworldUITests" */ = {
			isa = XCConfigurationList;
			buildConfigurations = (
				1FED283C1E33C8C600C435D4 /* Debug */,
				1FED283D1E33C8C600C435D4 /* Release */,
			);
			defaultConfigurationIsVisible = 0;
		};
/* End XCConfigurationList section */

/* Begin XCVersionGroup section */
		1FED28141E33C8C600C435D4 /* helloworld.xcdatamodeld */ = {
			isa = XCVersionGroup;
			children = (
				1FED28151E33C8C600C435D4 /* helloworld.xcdatamodel */,
			);
			currentVersion = 1FED28151E33C8C600C435D4 /* helloworld.xcdatamodel */;
			path = helloworld.xcdatamodeld;
			sourceTree = "<group>";
			versionGroupType = wrapper.xcdatamodel;
		};
/* End XCVersionGroup section */
	};
	rootObject = 1FED28021E33C8C600C435D4 /* Project object */;
}
